
Microsoft Visual Studio Solution File, Format Version 12.00
# Visual Studio 15
VisualStudioVersion = 15.0.27703.2042
MinimumVisualStudioVersion = 10.0.40219.1
Project("{F184B08F-C81C-45F6-A57F-5ABD9991F28F}") = "PBLauncher", "PBLauncher\PBLauncher.vbproj", "{DB5284E3-378D-4A65-9CC1-BABB8D5CEE79}"
EndProject
Global
	GlobalSection(SolutionConfigurationPlatforms) = preSolution
		Debug|Any CPU = Debug|Any CPU
		Release|Any CPU = Release|Any CPU
	EndGlobalSection
	GlobalSection(ProjectConfigurationPlatforms) = postSolution
		{DB5284E3-378D-4A65-9CC1-BABB8D5CEE79}.Debug|Any CPU.ActiveCfg = Debug|Any CPU
		{DB5284E3-378D-4A65-9CC1-BABB8D5CEE79}.Debug|Any CPU.Build.0 = Debug|Any CPU
		{DB5284E3-378D-4A65-9CC1-BABB8D5CEE79}.Release|Any CPU.ActiveCfg = Release|Any CPU
		{DB5284E3-378D-4A65-9CC1-BABB8D5CEE79}.Release|Any CPU.Build.0 = Release|Any CPU
	EndGlobalSection
	GlobalSection(SolutionProperties) = preSolution
		HideSolutionNode = FALSE
	EndGlobalSection
	GlobalSection(ExtensibilityGlobals) = postSolution
		SolutionGuid = {FB354CB6-F357-4365-962B-B82C269837D8}
	EndGlobalSection
EndGlobal
